
Microsoft Visual Studio Solution File, Format Version 12.00
# Visual Studio 15
VisualStudioVersion = 15.0.27130.2036
MinimumVisualStudioVersion = 10.0.40219.1
Project("{E24C65DC-7377-472B-9ABA-BC803B73C61A}") = "RobWCF", "RobWCF\", "{F1C5BE02-2F5D-4B0F-8EE9-36A927C5729B}"
	ProjectSection(WebsiteProperties) = preProject
		TargetFrameworkMoniker = ".NETFramework,Version%3Dv4.6.1"
		Debug.AspNetCompiler.VirtualPath = "/localhost_50701"
		Debug.AspNetCompiler.PhysicalPath = "RobWCF\"
		Debug.AspNetCompiler.TargetPath = "PrecompiledWeb\localhost_50701\"
		Debug.AspNetCompiler.Updateable = "true"
		Debug.AspNetCompiler.ForceOverwrite = "true"
		Debug.AspNetCompiler.FixedNames = "false"
		Debug.AspNetCompiler.Debug = "True"
		Release.AspNetCompiler.VirtualPath = "/localhost_50701"
		Release.AspNetCompiler.PhysicalPath = "RobWCF\"
		Release.AspNetCompiler.TargetPath = "PrecompiledWeb\localhost_50701\"
		Release.AspNetCompiler.Updateable = "true"
		Release.AspNetCompiler.ForceOverwrite = "true"
		Release.AspNetCompiler.FixedNames = "false"
		Release.AspNetCompiler.Debug = "False"
		VWDPort = "50701"
		SlnRelativePath = "RobWCF\"
		DefaultWebSiteLanguage = "Visual C#"
	EndProjectSection
EndProject
Global
	GlobalSection(SolutionConfigurationPlatforms) = preSolution
		Debug|Any CPU = Debug|Any CPU
	EndGlobalSection
	GlobalSection(ProjectConfigurationPlatforms) = postSolution
		{F1C5BE02-2F5D-4B0F-8EE9-36A927C5729B}.Debug|Any CPU.ActiveCfg = Debug|Any CPU
		{F1C5BE02-2F5D-4B0F-8EE9-36A927C5729B}.Debug|Any CPU.Build.0 = Debug|Any CPU
	EndGlobalSection
	GlobalSection(SolutionProperties) = preSolution
		HideSolutionNode = FALSE
	EndGlobalSection
	GlobalSection(ExtensibilityGlobals) = postSolution
		SolutionGuid = {97DD3BB7-DB35-4289-BA21-868304645CB0}
	EndGlobalSection
EndGlobal
